
Microsoft Visual Studio Solution File, Format Version 12.00
# Visual Studio Version 16
VisualStudioVersion = 16.0.31729.503
MinimumVisualStudioVersion = 10.0.40219.1
Project("{FAE04EC0-301F-11D3-BF4B-00C04F79EFBC}") = "Books.Domain", "Books.Domain\Books.Domain.csproj", "{B1467D39-2CFD-4DB1-9D9E-1E218CEABBBB}"
EndProject
Project("{FAE04EC0-301F-11D3-BF4B-00C04F79EFBC}") = "Books.Application", "Books.Application\Books.Application.csproj", "{49A1BC6F-E337-4E5D-87ED-2F78F9128456}"
EndProject
Project("{FAE04EC0-301F-11D3-BF4B-00C04F79EFBC}") = "Books.Infrastructure", "Books.Infrastructure\Books.Infrastructure.csproj", "{52711444-3CAA-4698-ABEB-390970B06BA1}"
EndProject
Project("{FAE04EC0-301F-11D3-BF4B-00C04F79EFBC}") = "Books.API", "Books.API\Books.API.csproj", "{A9DFDB89-AAD1-473D-9CA7-78947D4F78B0}"
EndProject
Global
	GlobalSection(SolutionConfigurationPlatforms) = preSolution
		Debug|Any CPU = Debug|Any CPU
		Release|Any CPU = Release|Any CPU
	EndGlobalSection
	GlobalSection(ProjectConfigurationPlatforms) = postSolution
		{B1467D39-2CFD-4DB1-9D9E-1E218CEABBBB}.Debug|Any CPU.ActiveCfg = Debug|Any CPU
		{B1467D39-2CFD-4DB1-9D9E-1E218CEABBBB}.Debug|Any CPU.Build.0 = Debug|Any CPU
		{B1467D39-2CFD-4DB1-9D9E-1E218CEABBBB}.Release|Any CPU.ActiveCfg = Release|Any CPU
		{B1467D39-2CFD-4DB1-9D9E-1E218CEABBBB}.Release|Any CPU.Build.0 = Release|Any CPU
		{49A1BC6F-E337-4E5D-87ED-2F78F9128456}.Debug|Any CPU.ActiveCfg = Debug|Any CPU
		{49A1BC6F-E337-4E5D-87ED-2F78F9128456}.Debug|Any CPU.Build.0 = Debug|Any CPU
		{49A1BC6F-E337-4E5D-87ED-2F78F9128456}.Release|Any CPU.ActiveCfg = Release|Any CPU
		{49A1BC6F-E337-4E5D-87ED-2F78F9128456}.Release|Any CPU.Build.0 = Release|Any CPU
		{52711444-3CAA-4698-ABEB-390970B06BA1}.Debug|Any CPU.ActiveCfg = Debug|Any CPU
		{52711444-3CAA-4698-ABEB-390970B06BA1}.Debug|Any CPU.Build.0 = Debug|Any CPU
		{52711444-3CAA-4698-ABEB-390970B06BA1}.Release|Any CPU.ActiveCfg = Release|Any CPU
		{52711444-3CAA-4698-ABEB-390970B06BA1}.Release|Any CPU.Build.0 = Release|Any CPU
		{A9DFDB89-AAD1-473D-9CA7-78947D4F78B0}.Debug|Any CPU.ActiveCfg = Debug|Any CPU
		{A9DFDB89-AAD1-473D-9CA7-78947D4F78B0}.Debug|Any CPU.Build.0 = Debug|Any CPU
		{A9DFDB89-AAD1-473D-9CA7-78947D4F78B0}.Release|Any CPU.ActiveCfg = Release|Any CPU
		{A9DFDB89-AAD1-473D-9CA7-78947D4F78B0}.Release|Any CPU.Build.0 = Release|Any CPU
	EndGlobalSection
	GlobalSection(SolutionProperties) = preSolution
		HideSolutionNode = FALSE
	EndGlobalSection
	GlobalSection(ExtensibilityGlobals) = postSolution
		SolutionGuid = {5A5A3E01-B7EC-4207-A08C-02276814B25A}
	EndGlobalSection
EndGlobal
